
Microsoft Visual Studio Solution File, Format Version 12.00
# Visual Studio Version 16
VisualStudioVersion = 16.0.30002.166
MinimumVisualStudioVersion = 10.0.40219.1
Project("{FAE04EC0-301F-11D3-BF4B-00C04F79EFBC}") = "API", "API\API.csproj", "{8BE66836-7D58-4713-9D59-B60CBA935349}"
EndProject
Project("{FAE04EC0-301F-11D3-BF4B-00C04F79EFBC}") = "Models", "Models\Models.csproj", "{7D09279C-47FC-4138-AA12-4E76FDA1AAC4}"
EndProject
Project("{FAE04EC0-301F-11D3-BF4B-00C04F79EFBC}") = "Data", "Data\Data.csproj", "{BC199622-F02D-441E-9105-E53FD93B88B0}"
EndProject
Project("{FAE04EC0-301F-11D3-BF4B-00C04F79EFBC}") = "Services", "Services\Services.csproj", "{8FE37F30-1ECF-4DC3-8DC4-2F65EA59181F}"
EndProject
Global
	GlobalSection(SolutionConfigurationPlatforms) = preSolution
		Debug|Any CPU = Debug|Any CPU
		Release|Any CPU = Release|Any CPU
	EndGlobalSection
	GlobalSection(ProjectConfigurationPlatforms) = postSolution
		{8BE66836-7D58-4713-9D59-B60CBA935349}.Debug|Any CPU.ActiveCfg = Debug|Any CPU
		{8BE66836-7D58-4713-9D59-B60CBA935349}.Debug|Any CPU.Build.0 = Debug|Any CPU
		{8BE66836-7D58-4713-9D59-B60CBA935349}.Release|Any CPU.ActiveCfg = Release|Any CPU
		{8BE66836-7D58-4713-9D59-B60CBA935349}.Release|Any CPU.Build.0 = Release|Any CPU
		{7D09279C-47FC-4138-AA12-4E76FDA1AAC4}.Debug|Any CPU.ActiveCfg = Debug|Any CPU
		{7D09279C-47FC-4138-AA12-4E76FDA1AAC4}.Debug|Any CPU.Build.0 = Debug|Any CPU
		{7D09279C-47FC-4138-AA12-4E76FDA1AAC4}.Release|Any CPU.ActiveCfg = Release|Any CPU
		{7D09279C-47FC-4138-AA12-4E76FDA1AAC4}.Release|Any CPU.Build.0 = Release|Any CPU
		{BC199622-F02D-441E-9105-E53FD93B88B0}.Debug|Any CPU.ActiveCfg = Debug|Any CPU
		{BC199622-F02D-441E-9105-E53FD93B88B0}.Debug|Any CPU.Build.0 = Debug|Any CPU
		{BC199622-F02D-441E-9105-E53FD93B88B0}.Release|Any CPU.ActiveCfg = Release|Any CPU
		{BC199622-F02D-441E-9105-E53FD93B88B0}.Release|Any CPU.Build.0 = Release|Any CPU
		{8FE37F30-1ECF-4DC3-8DC4-2F65EA59181F}.Debug|Any CPU.ActiveCfg = Debug|Any CPU
		{8FE37F30-1ECF-4DC3-8DC4-2F65EA59181F}.Debug|Any CPU.Build.0 = Debug|Any CPU
		{8FE37F30-1ECF-4DC3-8DC4-2F65EA59181F}.Release|Any CPU.ActiveCfg = Release|Any CPU
		{8FE37F30-1ECF-4DC3-8DC4-2F65EA59181F}.Release|Any CPU.Build.0 = Release|Any CPU
	EndGlobalSection
	GlobalSection(SolutionProperties) = preSolution
		HideSolutionNode = FALSE
	EndGlobalSection
	GlobalSection(ExtensibilityGlobals) = postSolution
		SolutionGuid = {6E6C028D-E753-48F0-A2C1-53ECE328DA97}
	EndGlobalSection
EndGlobal
